
Microsoft Visual Studio Solution File, Format Version 12.00
# Visual Studio Version 17
VisualStudioVersion = 17.12.35410.144 d17.12
MinimumVisualStudioVersion = 10.0.40219.1
Project("{FAE04EC0-301F-11D3-BF4B-00C04F79EFBC}") = "demooadvanced2", "demooadvanced2\demooadvanced2.csproj", "{B76F0074-E3CF-4210-A514-638F7A5C8B61}"
EndProject
Global
	GlobalSection(SolutionConfigurationPlatforms) = preSolution
		Debug|Any CPU = Debug|Any CPU
		Release|Any CPU = Release|Any CPU
	EndGlobalSection
	GlobalSection(ProjectConfigurationPlatforms) = postSolution
		{B76F0074-E3CF-4210-A514-638F7A5C8B61}.Debug|Any CPU.ActiveCfg = Debug|Any CPU
		{B76F0074-E3CF-4210-A514-638F7A5C8B61}.Debug|Any CPU.Build.0 = Debug|Any CPU
		{B76F0074-E3CF-4210-A514-638F7A5C8B61}.Release|Any CPU.ActiveCfg = Release|Any CPU
		{B76F0074-E3CF-4210-A514-638F7A5C8B61}.Release|Any CPU.Build.0 = Release|Any CPU
	EndGlobalSection
	GlobalSection(SolutionProperties) = preSolution
		HideSolutionNode = FALSE
	EndGlobalSection
EndGlobal
